// !$*UTF8*$!
{
	archiveVersion = 1;
	classes = {
	};
	objectVersion = 60;
	objects = {

/* Begin PBXBuildFile section */
		586BCE222C45139D00F4A324 /* RealityKitContent in Frameworks */ = {isa = PBXBuildFile; productRef = 586BCE212C45139D00F4A324 /* RealityKitContent */; };
		586BCE242C45139D00F4A324 /* WorldApp.swift in Sources */ = {isa = PBXBuildFile; fileRef = 586BCE232C45139D00F4A324 /* WorldApp.swift */; };
		586BCE262C45139D00F4A324 /* ContentView.swift in Sources */ = {isa = PBXBuildFile; fileRef = 586BCE252C45139D00F4A324 /* ContentView.swift */; };
		586BCE282C45139D00F4A324 /* ImmersiveView.swift in Sources */ = {isa = PBXBuildFile; fileRef = 586BCE272C45139D00F4A324 /* ImmersiveView.swift */; };
		586BCE2A2C45139F00F4A324 /* Assets.xcassets in Resources */ = {isa = PBXBuildFile; fileRef = 586BCE292C45139F00F4A324 /* Assets.xcassets */; };
		586BCE2D2C45139F00F4A324 /* Preview Assets.xcassets in Resources */ = {isa = PBXBuildFile; fileRef = 586BCE2C2C45139F00F4A324 /* Preview Assets.xcassets */; };
		586BCE362C45168E00F4A324 /* ModuleDetail.swift in Sources */ = {isa = PBXBuildFile; fileRef = 586BCE352C45168E00F4A324 /* ModuleDetail.swift */; };
		58F8AE962C451821002810F6 /* Module.swift in Sources */ = {isa = PBXBuildFile; fileRef = 58F8AE952C451821002810F6 /* Module.swift */; };
		58F8AE982C451882002810F6 /* ViewModel.swift in Sources */ = {isa = PBXBuildFile; fileRef = 58F8AE972C451881002810F6 /* ViewModel.swift */; };
		58F8AE9A2C451C3A002810F6 /* TableOfContent.swift in Sources */ = {isa = PBXBuildFile; fileRef = 58F8AE992C451C3A002810F6 /* TableOfContent.swift */; };
		58F8AE9D2C451DC6002810F6 /* WorldAssets in Frameworks */ = {isa = PBXBuildFile; productRef = 58F8AE9C2C451DC6002810F6 /* WorldAssets */; };
		58F8AEA02C455944002810F6 /* GlobeModule.swift in Sources */ = {isa = PBXBuildFile; fileRef = 58F8AE9F2C455944002810F6 /* GlobeModule.swift */; };
		58F8AEA22C455D91002810F6 /* ModuleCard.swift in Sources */ = {isa = PBXBuildFile; fileRef = 58F8AEA12C455D91002810F6 /* ModuleCard.swift */; };
/* End PBXBuildFile section */

/* Begin PBXFileReference section */
		586BCE1C2C45139D00F4A324 /* WorldApp.app */ = {isa = PBXFileReference; explicitFileType = wrapper.application; includeInIndex = 0; path = WorldApp.app; sourceTree = BUILT_PRODUCTS_DIR; };
		586BCE202C45139D00F4A324 /* RealityKitContent */ = {isa = PBXFileReference; lastKnownFileType = wrapper; path = RealityKitContent; sourceTree = "<group>"; };
		586BCE232C45139D00F4A324 /* WorldApp.swift */ = {isa = PBXFileReference; lastKnownFileType = sourcecode.swift; path = WorldApp.swift; sourceTree = "<group>"; };
		586BCE252C45139D00F4A324 /* ContentView.swift */ = {isa = PBXFileReference; lastKnownFileType = sourcecode.swift; path = ContentView.swift; sourceTree = "<group>"; };
		586BCE272C45139D00F4A324 /* ImmersiveView.swift */ = {isa = PBXFileReference; lastKnownFileType = sourcecode.swift; path = ImmersiveView.swift; sourceTree = "<group>"; };
		586BCE292C45139F00F4A324 /* Assets.xcassets */ = {isa = PBXFileReference; lastKnownFileType = folder.assetcatalog; path = Assets.xcassets; sourceTree = "<group>"; };
		586BCE2C2C45139F00F4A324 /* Preview Assets.xcassets */ = {isa = PBXFileReference; lastKnownFileType = folder.assetcatalog; path = "Preview Assets.xcassets"; sourceTree = "<group>"; };
		586BCE2E2C45139F00F4A324 /* Info.plist */ = {isa = PBXFileReference; lastKnownFileType = text.plist.xml; path = Info.plist; sourceTree = "<group>"; };
		586BCE352C45168E00F4A324 /* ModuleDetail.swift */ = {isa = PBXFileReference; lastKnownFileType = sourcecode.swift; path = ModuleDetail.swift; sourceTree = "<group>"; };
		58F8AE952C451821002810F6 /* Module.swift */ = {isa = PBXFileReference; lastKnownFileType = sourcecode.swift; path = Module.swift; sourceTree = "<group>"; };
		58F8AE972C451881002810F6 /* ViewModel.swift */ = {isa = PBXFileReference; lastKnownFileType = sourcecode.swift; path = ViewModel.swift; sourceTree = "<group>"; };
		58F8AE992C451C3A002810F6 /* TableOfContent.swift */ = {isa = PBXFileReference; lastKnownFileType = sourcecode.swift; path = TableOfContent.swift; sourceTree = "<group>"; };
		58F8AE9F2C455944002810F6 /* GlobeModule.swift */ = {isa = PBXFileReference; lastKnownFileType = sourcecode.swift; path = GlobeModule.swift; sourceTree = "<group>"; };
		58F8AEA12C455D91002810F6 /* ModuleCard.swift */ = {isa = PBXFileReference; lastKnownFileType = sourcecode.swift; path = ModuleCard.swift; sourceTree = "<group>"; };
/* End PBXFileReference section */

/* Begin PBXFrameworksBuildPhase section */
		586BCE192C45139D00F4A324 /* Frameworks */ = {
			isa = PBXFrameworksBuildPhase;
			buildActionMask = 2147483647;
			files = (
				58F8AE9D2C451DC6002810F6 /* WorldAssets in Frameworks */,
				586BCE222C45139D00F4A324 /* RealityKitContent in Frameworks */,
			);
			runOnlyForDeploymentPostprocessing = 0;
		};
/* End PBXFrameworksBuildPhase section */

/* Begin PBXGroup section */
		586BCE132C45139D00F4A324 = {
			isa = PBXGroup;
			children = (
				586BCE1E2C45139D00F4A324 /* WorldApp */,
				586BCE1F2C45139D00F4A324 /* Packages */,
				586BCE1D2C45139D00F4A324 /* Products */,
			);
			sourceTree = "<group>";
		};
		586BCE1D2C45139D00F4A324 /* Products */ = {
			isa = PBXGroup;
			children = (
				586BCE1C2C45139D00F4A324 /* WorldApp.app */,
			);
			name = Products;
			sourceTree = "<group>";
		};
		586BCE1E2C45139D00F4A324 /* WorldApp */ = {
			isa = PBXGroup;
			children = (
				58F8AE9E2C45592E002810F6 /* Globe */,
				58F8AE942C451813002810F6 /* Model */,
				586BCE342C45167100F4A324 /* Moduels */,
				586BCE232C45139D00F4A324 /* WorldApp.swift */,
				586BCE252C45139D00F4A324 /* ContentView.swift */,
				586BCE272C45139D00F4A324 /* ImmersiveView.swift */,
				586BCE292C45139F00F4A324 /* Assets.xcassets */,
				586BCE2E2C45139F00F4A324 /* Info.plist */,
				586BCE2B2C45139F00F4A324 /* Preview Content */,
			);
			path = WorldApp;
			sourceTree = "<group>";
		};
		586BCE1F2C45139D00F4A324 /* Packages */ = {
			isa = PBXGroup;
			children = (
				586BCE202C45139D00F4A324 /* RealityKitContent */,
			);
			path = Packages;
			sourceTree = "<group>";
		};
		586BCE2B2C45139F00F4A324 /* Preview Content */ = {
			isa = PBXGroup;
			children = (
				586BCE2C2C45139F00F4A324 /* Preview Assets.xcassets */,
			);
			path = "Preview Content";
			sourceTree = "<group>";
		};
		586BCE342C45167100F4A324 /* Moduels */ = {
			isa = PBXGroup;
			children = (
				586BCE352C45168E00F4A324 /* ModuleDetail.swift */,
				58F8AE992C451C3A002810F6 /* TableOfContent.swift */,
			);
			path = Moduels;
			sourceTree = "<group>";
		};
		58F8AE942C451813002810F6 /* Model */ = {
			isa = PBXGroup;
			children = (
				58F8AE952C451821002810F6 /* Module.swift */,
				58F8AE972C451881002810F6 /* ViewModel.swift */,
				58F8AEA12C455D91002810F6 /* ModuleCard.swift */,
			);
			path = Model;
			sourceTree = "<group>";
		};
		58F8AE9E2C45592E002810F6 /* Globe */ = {
			isa = PBXGroup;
			children = (
				58F8AE9F2C455944002810F6 /* GlobeModule.swift */,
			);
			path = Globe;
			sourceTree = "<group>";
		};
/* End PBXGroup section */

/* Begin PBXNativeTarget section */
		586BCE1B2C45139D00F4A324 /* WorldApp */ = {
			isa = PBXNativeTarget;
			buildConfigurationList = 586BCE312C45139F00F4A324 /* Build configuration list for PBXNativeTarget "WorldApp" */;
			buildPhases = (
				586BCE182C45139D00F4A324 /* Sources */,
				586BCE192C45139D00F4A324 /* Frameworks */,
				586BCE1A2C45139D00F4A324 /* Resources */,
			);
			buildRules = (
			);
			dependencies = (
			);
			name = WorldApp;
			packageProductDependencies = (
				586BCE212C45139D00F4A324 /* RealityKitContent */,
				58F8AE9C2C451DC6002810F6 /* WorldAssets */,
			);
			productName = WorldApp;
			productReference = 586BCE1C2C45139D00F4A324 /* WorldApp.app */;
			productType = "com.apple.product-type.application";
		};
/* End PBXNativeTarget section */

/* Begin PBXProject section */
		586BCE142C45139D00F4A324 /* Project object */ = {
			isa = PBXProject;
			attributes = {
				BuildIndependentTargetsInParallel = 1;
				LastSwiftUpdateCheck = 1540;
				LastUpgradeCheck = 1540;
				TargetAttributes = {
					586BCE1B2C45139D00F4A324 = {
						CreatedOnToolsVersion = 15.4;
					};
				};
			};
			buildConfigurationList = 586BCE172C45139D00F4A324 /* Build configuration list for PBXProject "WorldApp" */;
			compatibilityVersion = "Xcode 14.0";
			developmentRegion = en;
			hasScannedForEncodings = 0;
			knownRegions = (
				en,
				Base,
			);
			mainGroup = 586BCE132C45139D00F4A324;
			packageReferences = (
				58F8AE9B2C451DC6002810F6 /* XCLocalSwiftPackageReference "Packages/WorldAssets" */,
			);
			productRefGroup = 586BCE1D2C45139D00F4A324 /* Products */;
			projectDirPath = "";
			projectRoot = "";
			targets = (
				586BCE1B2C45139D00F4A324 /* WorldApp */,
			);
		};
/* End PBXProject section */

/* Begin PBXResourcesBuildPhase section */
		586BCE1A2C45139D00F4A324 /* Resources */ = {
			isa = PBXResourcesBuildPhase;
			buildActionMask = 2147483647;
			files = (
				586BCE2D2C45139F00F4A324 /* Preview Assets.xcassets in Resources */,
				586BCE2A2C45139F00F4A324 /* Assets.xcassets in Resources */,
			);
			runOnlyForDeploymentPostprocessing = 0;
		};
/* End PBXResourcesBuildPhase section */

/* Begin PBXSourcesBuildPhase section */
		586BCE182C45139D00F4A324 /* Sources */ = {
			isa = PBXSourcesBuildPhase;
			buildActionMask = 2147483647;
			files = (
				58F8AEA22C455D91002810F6 /* ModuleCard.swift in Sources */,
				586BCE262C45139D00F4A324 /* ContentView.swift in Sources */,
				586BCE242C45139D00F4A324 /* WorldApp.swift in Sources */,
				58F8AE9A2C451C3A002810F6 /* TableOfContent.swift in Sources */,
				58F8AEA02C455944002810F6 /* GlobeModule.swift in Sources */,
				586BCE362C45168E00F4A324 /* ModuleDetail.swift in Sources */,
				58F8AE962C451821002810F6 /* Module.swift in Sources */,
				58F8AE982C451882002810F6 /* ViewModel.swift in Sources */,
				586BCE282C45139D00F4A324 /* ImmersiveView.swift in Sources */,
			);
			runOnlyForDeploymentPostprocessing = 0;
		};
/* End PBXSourcesBuildPhase section */

/* Begin XCBuildConfiguration section */
		586BCE2F2C45139F00F4A324 /* Debug */ = {
			isa = XCBuildConfiguration;
			buildSettings = {
				ALWAYS_SEARCH_USER_PATHS = NO;
				ASSETCATALOG_COMPILER_GENERATE_SWIFT_ASSET_SYMBOL_EXTENSIONS = YES;
				CLANG_ANALYZER_NONNULL = YES;
				CLANG_ANALYZER_NUMBER_OBJECT_CONVERSION = YES_AGGRESSIVE;
				CLANG_CXX_LANGUAGE_STANDARD = "gnu++20";
				CLANG_ENABLE_MODULES = YES;
				CLANG_ENABLE_OBJC_ARC = YES;
				CLANG_ENABLE_OBJC_WEAK = YES;
				CLANG_WARN_BLOCK_CAPTURE_AUTORELEASING = YES;
				CLANG_WARN_BOOL_CONVERSION = YES;
				CLANG_WARN_COMMA = YES;
				CLANG_WARN_CONSTANT_CONVERSION = YES;
				CLANG_WARN_DEPRECATED_OBJC_IMPLEMENTATIONS = YES;
				CLANG_WARN_DIRECT_OBJC_ISA_USAGE = YES_ERROR;
				CLANG_WARN_DOCUMENTATION_COMMENTS = YES;
				CLANG_WARN_EMPTY_BODY = YES;
				CLANG_WARN_ENUM_CONVERSION = YES;
				CLANG_WARN_INFINITE_RECURSION = YES;
				CLANG_WARN_INT_CONVERSION = YES;
				CLANG_WARN_NON_LITERAL_NULL_CONVERSION = YES;
				CLANG_WARN_OBJC_IMPLICIT_RETAIN_SELF = YES;
				CLANG_WARN_OBJC_LITERAL_CONVERSION = YES;
				CLANG_WARN_OBJC_ROOT_CLASS = YES_ERROR;
				CLANG_WARN_QUOTED_INCLUDE_IN_FRAMEWORK_HEADER = YES;
				CLANG_WARN_RANGE_LOOP_ANALYSIS = YES;
				CLANG_WARN_STRICT_PROTOTYPES = YES;
				CLANG_WARN_SUSPICIOUS_MOVE = YES;
				CLANG_WARN_UNGUARDED_AVAILABILITY = YES_AGGRESSIVE;
				CLANG_WARN_UNREACHABLE_CODE = YES;
				CLANG_WARN__DUPLICATE_METHOD_MATCH = YES;
				COPY_PHASE_STRIP = NO;
				DEBUG_INFORMATION_FORMAT = dwarf;
				ENABLE_STRICT_OBJC_MSGSEND = YES;
				ENABLE_TESTABILITY = YES;
				ENABLE_USER_SCRIPT_SANDBOXING = YES;
				GCC_C_LANGUAGE_STANDARD = gnu17;
				GCC_DYNAMIC_NO_PIC = NO;
				GCC_NO_COMMON_BLOCKS = YES;
				GCC_OPTIMIZATION_LEVEL = 0;
				GCC_PREPROCESSOR_DEFINITIONS = (
					"DEBUG=1",
					"$(inherited)",
				);
				GCC_WARN_64_TO_32_BIT_CONVERSION = YES;
				GCC_WARN_ABOUT_RETURN_TYPE = YES_ERROR;
				GCC_WARN_UNDECLARED_SELECTOR = YES;
				GCC_WARN_UNINITIALIZED_AUTOS = YES_AGGRESSIVE;
				GCC_WARN_UNUSED_FUNCTION = YES;
				GCC_WARN_UNUSED_VARIABLE = YES;
				LOCALIZATION_PREFERS_STRING_CATALOGS = YES;
				MTL_ENABLE_DEBUG_INFO = INCLUDE_SOURCE;
				MTL_FAST_MATH = YES;
				ONLY_ACTIVE_ARCH = YES;
				SDKROOT = xros;
				SWIFT_ACTIVE_COMPILATION_CONDITIONS = "DEBUG $(inherited)";
				SWIFT_OPTIMIZATION_LEVEL = "-Onone";
				XROS_DEPLOYMENT_TARGET = 1.2;
			};
			name = Debug;
		};
		586BCE302C45139F00F4A324 /* Release */ = {
			isa = XCBuildConfiguration;
			buildSettings = {
				ALWAYS_SEARCH_USER_PATHS = NO;
				ASSETCATALOG_COMPILER_GENERATE_SWIFT_ASSET_SYMBOL_EXTENSIONS = YES;
				CLANG_ANALYZER_NONNULL = YES;
				CLANG_ANALYZER_NUMBER_OBJECT_CONVERSION = YES_AGGRESSIVE;
				CLANG_CXX_LANGUAGE_STANDARD = "gnu++20";
				CLANG_ENABLE_MODULES = YES;
				CLANG_ENABLE_OBJC_ARC = YES;
				CLANG_ENABLE_OBJC_WEAK = YES;
				CLANG_WARN_BLOCK_CAPTURE_AUTORELEASING = YES;
				CLANG_WARN_BOOL_CONVERSION = YES;
				CLANG_WARN_COMMA = YES;
				CLANG_WARN_CONSTANT_CONVERSION = YES;
				CLANG_WARN_DEPRECATED_OBJC_IMPLEMENTATIONS = YES;
				CLANG_WARN_DIRECT_OBJC_ISA_USAGE = YES_ERROR;
				CLANG_WARN_DOCUMENTATION_COMMENTS = YES;
				CLANG_WARN_EMPTY_BODY = YES;
				CLANG_WARN_ENUM_CONVERSION = YES;
				CLANG_WARN_INFINITE_RECURSION = YES;
				CLANG_WARN_INT_CONVERSION = YES;
				CLANG_WARN_NON_LITERAL_NULL_CONVERSION = YES;
				CLANG_WARN_OBJC_IMPLICIT_RETAIN_SELF = YES;
				CLANG_WARN_OBJC_LITERAL_CONVERSION = YES;
				CLANG_WARN_OBJC_ROOT_CLASS = YES_ERROR;
				CLANG_WARN_QUOTED_INCLUDE_IN_FRAMEWORK_HEADER = YES;
				CLANG_WARN_RANGE_LOOP_ANALYSIS = YES;
				CLANG_WARN_STRICT_PROTOTYPES = YES;
				CLANG_WARN_SUSPICIOUS_MOVE = YES;
				CLANG_WARN_UNGUARDED_AVAILABILITY = YES_AGGRESSIVE;
				CLANG_WARN_UNREACHABLE_CODE = YES;
				CLANG_WARN__DUPLICATE_METHOD_MATCH = YES;
				COPY_PHASE_STRIP = NO;
				DEBUG_INFORMATION_FORMAT = "dwarf-with-dsym";
				ENABLE_NS_ASSERTIONS = NO;
				ENABLE_STRICT_OBJC_MSGSEND = YES;
				ENABLE_USER_SCRIPT_SANDBOXING = YES;
				GCC_C_LANGUAGE_STANDARD = gnu17;
				GCC_NO_COMMON_BLOCKS = YES;
				GCC_WARN_64_TO_32_BIT_CONVERSION = YES;
				GCC_WARN_ABOUT_RETURN_TYPE = YES_ERROR;
				GCC_WARN_UNDECLARED_SELECTOR = YES;
				GCC_WARN_UNINITIALIZED_AUTOS = YES_AGGRESSIVE;
				GCC_WARN_UNUSED_FUNCTION = YES;
				GCC_WARN_UNUSED_VARIABLE = YES;
				LOCALIZATION_PREFERS_STRING_CATALOGS = YES;
				MTL_ENABLE_DEBUG_INFO = NO;
				MTL_FAST_MATH = YES;
				SDKROOT = xros;
				SWIFT_COMPILATION_MODE = wholemodule;
				VALIDATE_PRODUCT = YES;
				XROS_DEPLOYMENT_TARGET = 1.2;
			};
			name = Release;
		};
		586BCE322C45139F00F4A324 /* Debug */ = {
			isa = XCBuildConfiguration;
			buildSettings = {
				ASSETCATALOG_COMPILER_APPICON_NAME = AppIcon;
				ASSETCATALOG_COMPILER_GLOBAL_ACCENT_COLOR_NAME = AccentColor;
				CODE_SIGN_STYLE = Automatic;
				CURRENT_PROJECT_VERSION = 1;
				DEVELOPMENT_ASSET_PATHS = "\"WorldApp/Preview Content\"";
				ENABLE_PREVIEWS = YES;
				GENERATE_INFOPLIST_FILE = YES;
				INFOPLIST_FILE = "$(TARGET_NAME)/Info.plist";
				LD_RUNPATH_SEARCH_PATHS = (
					"$(inherited)",
					"@executable_path/Frameworks",
				);
				MARKETING_VERSION = 1.0;
				PRODUCT_BUNDLE_IDENTIFIER = com.heefan.WorldApp;
				PRODUCT_NAME = "$(TARGET_NAME)";
				SUPPORTED_PLATFORMS = "xros xrsimulator";
				SWIFT_EMIT_LOC_STRINGS = YES;
				SWIFT_VERSION = 5.0;
				TARGETED_DEVICE_FAMILY = "1,2,7";
			};
			name = Debug;
		};
		586BCE332C45139F00F4A324 /* Release */ = {
			isa = XCBuildConfiguration;
			buildSettings = {
				ASSETCATALOG_COMPILER_APPICON_NAME = AppIcon;
				ASSETCATALOG_COMPILER_GLOBAL_ACCENT_COLOR_NAME = AccentColor;
				CODE_SIGN_STYLE = Automatic;
				CURRENT_PROJECT_VERSION = 1;
				DEVELOPMENT_ASSET_PATHS = "\"WorldApp/Preview Content\"";
				ENABLE_PREVIEWS = YES;
				GENERATE_INFOPLIST_FILE = YES;
				INFOPLIST_FILE = "$(TARGET_NAME)/Info.plist";
				LD_RUNPATH_SEARCH_PATHS = (
					"$(inherited)",
					"@executable_path/Frameworks",
				);
				MARKETING_VERSION = 1.0;
				PRODUCT_BUNDLE_IDENTIFIER = com.heefan.WorldApp;
				PRODUCT_NAME = "$(TARGET_NAME)";
				SUPPORTED_PLATFORMS = "xros xrsimulator";
				SWIFT_EMIT_LOC_STRINGS = YES;
				SWIFT_VERSION = 5.0;
				TARGETED_DEVICE_FAMILY = "1,2,7";
			};
			name = Release;
		};
/* End XCBuildConfiguration section */

/* Begin XCConfigurationList section */
		586BCE172C45139D00F4A324 /* Build configuration list for PBXProject "WorldApp" */ = {
			isa = XCConfigurationList;
			buildConfigurations = (
				586BCE2F2C45139F00F4A324 /* Debug */,
				586BCE302C45139F00F4A324 /* Release */,
			);
			defaultConfigurationIsVisible = 0;
			defaultConfigurationName = Release;
		};
		586BCE312C45139F00F4A324 /* Build configuration list for PBXNativeTarget "WorldApp" */ = {
			isa = XCConfigurationList;
			buildConfigurations = (
				586BCE322C45139F00F4A324 /* Debug */,
				586BCE332C45139F00F4A324 /* Release */,
			);
			defaultConfigurationIsVisible = 0;
			defaultConfigurationName = Release;
		};
/* End XCConfigurationList section */

/* Begin XCLocalSwiftPackageReference section */
		58F8AE9B2C451DC6002810F6 /* XCLocalSwiftPackageReference "Packages/WorldAssets" */ = {
			isa = XCLocalSwiftPackageReference;
			relativePath = Packages/WorldAssets;
		};
/* End XCLocalSwiftPackageReference section */

/* Begin XCSwiftPackageProductDependency section */
		586BCE212C45139D00F4A324 /* RealityKitContent */ = {
			isa = XCSwiftPackageProductDependency;
			productName = RealityKitContent;
		};
		58F8AE9C2C451DC6002810F6 /* WorldAssets */ = {
			isa = XCSwiftPackageProductDependency;
			productName = WorldAssets;
		};
/* End XCSwiftPackageProductDependency section */
	};
	rootObject = 586BCE142C45139D00F4A324 /* Project object */;
}
